
Microsoft Visual Studio Solution File, Format Version 12.00
# Visual Studio Version 17
VisualStudioVersion = 17.6.33712.159
MinimumVisualStudioVersion = 10.0.40219.1
Project("{FAE04EC0-301F-11D3-BF4B-00C04F79EFBC}") = "ConsoleApp1", "ConsoleApp1\ConsoleApp1.csproj", "{07D611DD-00C6-4427-ADDA-D1D402B31A0E}"
EndProject
Global
	GlobalSection(SolutionConfigurationPlatforms) = preSolution
		Debug|Any CPU = Debug|Any CPU
		Release|Any CPU = Release|Any CPU
	EndGlobalSection
	GlobalSection(ProjectConfigurationPlatforms) = postSolution
		{07D611DD-00C6-4427-ADDA-D1D402B31A0E}.Debug|Any CPU.ActiveCfg = Debug|Any CPU
		{07D611DD-00C6-4427-ADDA-D1D402B31A0E}.Debug|Any CPU.Build.0 = Debug|Any CPU
		{07D611DD-00C6-4427-ADDA-D1D402B31A0E}.Release|Any CPU.ActiveCfg = Release|Any CPU
		{07D611DD-00C6-4427-ADDA-D1D402B31A0E}.Release|Any CPU.Build.0 = Release|Any CPU
	EndGlobalSection
	GlobalSection(SolutionProperties) = preSolution
		HideSolutionNode = FALSE
	EndGlobalSection
	GlobalSection(ExtensibilityGlobals) = postSolution
		SolutionGuid = {ED9E708C-0351-40C2-BE81-B916C25980F6}
	EndGlobalSection
EndGlobal
