
Microsoft Visual Studio Solution File, Format Version 12.00
# Visual Studio Version 17
VisualStudioVersion = 17.6.33712.159
MinimumVisualStudioVersion = 10.0.40219.1
Project("{FAE04EC0-301F-11D3-BF4B-00C04F79EFBC}") = "ConsoleApp1", "ConsoleApp1\ConsoleApp1.csproj", "{DB2771DD-C108-4023-91DE-0FFE8F9D968C}"
EndProject
Global
	GlobalSection(SolutionConfigurationPlatforms) = preSolution
		Debug|Any CPU = Debug|Any CPU
		Release|Any CPU = Release|Any CPU
	EndGlobalSection
	GlobalSection(ProjectConfigurationPlatforms) = postSolution
		{DB2771DD-C108-4023-91DE-0FFE8F9D968C}.Debug|Any CPU.ActiveCfg = Debug|Any CPU
		{DB2771DD-C108-4023-91DE-0FFE8F9D968C}.Debug|Any CPU.Build.0 = Debug|Any CPU
		{DB2771DD-C108-4023-91DE-0FFE8F9D968C}.Release|Any CPU.ActiveCfg = Release|Any CPU
		{DB2771DD-C108-4023-91DE-0FFE8F9D968C}.Release|Any CPU.Build.0 = Release|Any CPU
	EndGlobalSection
	GlobalSection(SolutionProperties) = preSolution
		HideSolutionNode = FALSE
	EndGlobalSection
	GlobalSection(ExtensibilityGlobals) = postSolution
		SolutionGuid = {7D788E3A-5885-4246-8AD9-B6DEB38154FB}
	EndGlobalSection
EndGlobal
