
Microsoft Visual Studio Solution File, Format Version 12.00
# Visual Studio Version 17
VisualStudioVersion = 17.6.33712.159
MinimumVisualStudioVersion = 10.0.40219.1
Project("{FAE04EC0-301F-11D3-BF4B-00C04F79EFBC}") = "HW2", "HW2\HW2.csproj", "{2BBDAAD0-0707-4A56-9A7F-C476729B3AE4}"
EndProject
Global
	GlobalSection(SolutionConfigurationPlatforms) = preSolution
		Debug|Any CPU = Debug|Any CPU
		Release|Any CPU = Release|Any CPU
	EndGlobalSection
	GlobalSection(ProjectConfigurationPlatforms) = postSolution
		{2BBDAAD0-0707-4A56-9A7F-C476729B3AE4}.Debug|Any CPU.ActiveCfg = Debug|Any CPU
		{2BBDAAD0-0707-4A56-9A7F-C476729B3AE4}.Debug|Any CPU.Build.0 = Debug|Any CPU
		{2BBDAAD0-0707-4A56-9A7F-C476729B3AE4}.Release|Any CPU.ActiveCfg = Release|Any CPU
		{2BBDAAD0-0707-4A56-9A7F-C476729B3AE4}.Release|Any CPU.Build.0 = Release|Any CPU
	EndGlobalSection
	GlobalSection(SolutionProperties) = preSolution
		HideSolutionNode = FALSE
	EndGlobalSection
	GlobalSection(ExtensibilityGlobals) = postSolution
		SolutionGuid = {5284A193-4D20-40B7-9B80-A35C4F16CEBF}
	EndGlobalSection
EndGlobal
